{
  "requires": true,
  "lockfileVersion": 1,
  "dependencies": {
    "ga-4-react": {
      "version": "0.1.281",
      "resolved": "https://registry.npmjs.org/ga-4-react/-/ga-4-react-0.1.281.tgz",
      "integrity": "sha512-LBvn8digT3gS8Iw8/XN3Z60c/JlFjMreLrZEneeQr+N/3+Ymv8yOsuK6qFAX2VPS6TscLbSlgtb/mriJ2P17Ow=="
    }
  }
}
